
Microsoft Visual Studio Solution File, Format Version 12.00
# Visual Studio 14
VisualStudioVersion = 14.0.24720.0
MinimumVisualStudioVersion = 10.0.40219.1
Project("{8BC9CEB8-8B4A-11D0-8D11-00A0C91BC942}") = "Carrots_KeenIO", "Carrots_KeenIO.vcxproj", "{19F9032D-F265-42EE-8EFD-23FDC3D08CB5}"
EndProject
Project("{8BC9CEB8-8B4A-11D0-8D11-00A0C91BC942}") = "BigData", "BigData\BigData.vcxproj", "{55400162-CFBC-4632-A986-C2AD4277F093}"
EndProject
Global
	GlobalSection(SolutionConfigurationPlatforms) = preSolution
		Debug|x64 = Debug|x64
		Debug|x86 = Debug|x86
		Release|x64 = Release|x64
		Release|x86 = Release|x86
	EndGlobalSection
	GlobalSection(ProjectConfigurationPlatforms) = postSolution
		{19F9032D-F265-42EE-8EFD-23FDC3D08CB5}.Debug|x64.ActiveCfg = Debug|x64
		{19F9032D-F265-42EE-8EFD-23FDC3D08CB5}.Debug|x64.Build.0 = Debug|x64
		{19F9032D-F265-42EE-8EFD-23FDC3D08CB5}.Debug|x86.ActiveCfg = Debug|Win32
		{19F9032D-F265-42EE-8EFD-23FDC3D08CB5}.Debug|x86.Build.0 = Debug|Win32
		{19F9032D-F265-42EE-8EFD-23FDC3D08CB5}.Release|x64.ActiveCfg = Release|x64
		{19F9032D-F265-42EE-8EFD-23FDC3D08CB5}.Release|x64.Build.0 = Release|x64
		{19F9032D-F265-42EE-8EFD-23FDC3D08CB5}.Release|x86.ActiveCfg = Release|Win32
		{19F9032D-F265-42EE-8EFD-23FDC3D08CB5}.Release|x86.Build.0 = Release|Win32
		{55400162-CFBC-4632-A986-C2AD4277F093}.Debug|x64.ActiveCfg = Debug|x64
		{55400162-CFBC-4632-A986-C2AD4277F093}.Debug|x64.Build.0 = Debug|x64
		{55400162-CFBC-4632-A986-C2AD4277F093}.Debug|x86.ActiveCfg = Debug|Win32
		{55400162-CFBC-4632-A986-C2AD4277F093}.Debug|x86.Build.0 = Debug|Win32
		{55400162-CFBC-4632-A986-C2AD4277F093}.Release|x64.ActiveCfg = Release|x64
		{55400162-CFBC-4632-A986-C2AD4277F093}.Release|x64.Build.0 = Release|x64
		{55400162-CFBC-4632-A986-C2AD4277F093}.Release|x86.ActiveCfg = Release|Win32
		{55400162-CFBC-4632-A986-C2AD4277F093}.Release|x86.Build.0 = Release|Win32
	EndGlobalSection
	GlobalSection(SolutionProperties) = preSolution
		HideSolutionNode = FALSE
	EndGlobalSection
EndGlobal
